
Microsoft Visual Studio Solution File, Format Version 11.00
# Visual C++ Express 2010
Project("{8BC9CEB8-8B4A-11D0-8D11-00A0C91BC942}") = "esteidcm", "esteidcm.vcxproj", "{D6F0C4FE-2A8F-4CC3-BC75-E8054DFC124A}"
	ProjectSection(ProjectDependencies) = postProject
		{BADFC33C-025A-4A03-857F-2C3E3ABB2E15} = {BADFC33C-025A-4A03-857F-2C3E3ABB2E15}
	EndProjectSection
EndProject
Project("{8BC9CEB8-8B4A-11D0-8D11-00A0C91BC942}") = "smartcardpp", "smartcardpp.vcxproj", "{BADFC33C-025A-4A03-857F-2C3E3ABB2E15}"
EndProject
Project("{8BC9CEB8-8B4A-11D0-8D11-00A0C91BC942}") = "smartcardpp-test", "smartcardpp-test.vcxproj", "{AA3A4DCB-9A6E-4E6D-9490-E6777E1DEDEA}"
EndProject
Global
	GlobalSection(SolutionConfigurationPlatforms) = preSolution
		Debug|Win32 = Debug|Win32
		Debug|x64 = Debug|x64
		Release|Win32 = Release|Win32
		Release|x64 = Release|x64
		RelWithDebInfo|Win32 = RelWithDebInfo|Win32
		RelWithDebInfo|x64 = RelWithDebInfo|x64
	EndGlobalSection
	GlobalSection(ProjectConfigurationPlatforms) = postSolution
		{D6F0C4FE-2A8F-4CC3-BC75-E8054DFC124A}.Debug|Win32.ActiveCfg = Debug|Win32
		{D6F0C4FE-2A8F-4CC3-BC75-E8054DFC124A}.Debug|Win32.Build.0 = Debug|Win32
		{D6F0C4FE-2A8F-4CC3-BC75-E8054DFC124A}.Debug|x64.ActiveCfg = Debug|x64
		{D6F0C4FE-2A8F-4CC3-BC75-E8054DFC124A}.Debug|x64.Build.0 = Debug|x64
		{D6F0C4FE-2A8F-4CC3-BC75-E8054DFC124A}.Release|Win32.ActiveCfg = Release|Win32
		{D6F0C4FE-2A8F-4CC3-BC75-E8054DFC124A}.Release|Win32.Build.0 = Release|Win32
		{D6F0C4FE-2A8F-4CC3-BC75-E8054DFC124A}.Release|x64.ActiveCfg = Release|x64
		{D6F0C4FE-2A8F-4CC3-BC75-E8054DFC124A}.Release|x64.Build.0 = Release|x64
		{D6F0C4FE-2A8F-4CC3-BC75-E8054DFC124A}.RelWithDebInfo|Win32.ActiveCfg = RelWithDebInfo|Win32
		{D6F0C4FE-2A8F-4CC3-BC75-E8054DFC124A}.RelWithDebInfo|Win32.Build.0 = RelWithDebInfo|Win32
		{D6F0C4FE-2A8F-4CC3-BC75-E8054DFC124A}.RelWithDebInfo|x64.ActiveCfg = RelWithDebInfo|x64
		{D6F0C4FE-2A8F-4CC3-BC75-E8054DFC124A}.RelWithDebInfo|x64.Build.0 = RelWithDebInfo|x64
		{BADFC33C-025A-4A03-857F-2C3E3ABB2E15}.Debug|Win32.ActiveCfg = Debug|Win32
		{BADFC33C-025A-4A03-857F-2C3E3ABB2E15}.Debug|Win32.Build.0 = Debug|Win32
		{BADFC33C-025A-4A03-857F-2C3E3ABB2E15}.Debug|x64.ActiveCfg = Debug|Win32
		{BADFC33C-025A-4A03-857F-2C3E3ABB2E15}.Release|Win32.ActiveCfg = Release|Win32
		{BADFC33C-025A-4A03-857F-2C3E3ABB2E15}.Release|Win32.Build.0 = Release|Win32
		{BADFC33C-025A-4A03-857F-2C3E3ABB2E15}.Release|x64.ActiveCfg = Release|Win32
		{BADFC33C-025A-4A03-857F-2C3E3ABB2E15}.RelWithDebInfo|Win32.ActiveCfg = RelWithDebInfo|Win32
		{BADFC33C-025A-4A03-857F-2C3E3ABB2E15}.RelWithDebInfo|Win32.Build.0 = RelWithDebInfo|Win32
		{BADFC33C-025A-4A03-857F-2C3E3ABB2E15}.RelWithDebInfo|x64.ActiveCfg = RelWithDebInfo|x64
		{BADFC33C-025A-4A03-857F-2C3E3ABB2E15}.RelWithDebInfo|x64.Build.0 = RelWithDebInfo|x64
		{AA3A4DCB-9A6E-4E6D-9490-E6777E1DEDEA}.Debug|Win32.ActiveCfg = Debug|Win32
		{AA3A4DCB-9A6E-4E6D-9490-E6777E1DEDEA}.Debug|Win32.Build.0 = Debug|Win32
		{AA3A4DCB-9A6E-4E6D-9490-E6777E1DEDEA}.Debug|x64.ActiveCfg = Debug|Win32
		{AA3A4DCB-9A6E-4E6D-9490-E6777E1DEDEA}.Release|Win32.ActiveCfg = Release|Win32
		{AA3A4DCB-9A6E-4E6D-9490-E6777E1DEDEA}.Release|Win32.Build.0 = Release|Win32
		{AA3A4DCB-9A6E-4E6D-9490-E6777E1DEDEA}.Release|x64.ActiveCfg = Release|Win32
		{AA3A4DCB-9A6E-4E6D-9490-E6777E1DEDEA}.RelWithDebInfo|Win32.ActiveCfg = RelWithDebInfo|Win32
		{AA3A4DCB-9A6E-4E6D-9490-E6777E1DEDEA}.RelWithDebInfo|Win32.Build.0 = RelWithDebInfo|Win32
		{AA3A4DCB-9A6E-4E6D-9490-E6777E1DEDEA}.RelWithDebInfo|x64.ActiveCfg = RelWithDebInfo|x64
	EndGlobalSection
	GlobalSection(SolutionProperties) = preSolution
		HideSolutionNode = FALSE
	EndGlobalSection
EndGlobal
